
Microsoft Visual Studio Solution File, Format Version 12.00
# Visual Studio 2013
VisualStudioVersion = 12.0.21005.1
MinimumVisualStudioVersion = 10.0.40219.1
Project("{FAE04EC0-301F-11D3-BF4B-00C04F79EFBC}") = "UpperCaseA_Z", "UpperCaseA_Z\UpperCaseA_Z.csproj", "{53AAAA78-EEF4-4C14-B7DD-7073A5CF0E58}"
EndProject
Project("{FAE04EC0-301F-11D3-BF4B-00C04F79EFBC}") = "ASCII", "ASCII\ASCII.csproj", "{90E055A1-64FF-4D5D-B867-7FA0C6A197D4}"
EndProject
Project("{FAE04EC0-301F-11D3-BF4B-00C04F79EFBC}") = "Upper or Lower", "Upper or Lower\Upper or Lower.csproj", "{83597D3C-E56B-468E-AC52-3852ADFB4CAC}"
EndProject
Project("{FAE04EC0-301F-11D3-BF4B-00C04F79EFBC}") = "Change UP to LOW", "Change UP to LOW\Change UP to LOW.csproj", "{0C31E587-4227-480F-8E8A-FE0DA002A35A}"
EndProject
Project("{2150E333-8FDC-42A3-9474-1A3956D46DE8}") = ".nuget", ".nuget", "{32E4A519-631A-4B84-9038-50728D551181}"
	ProjectSection(SolutionItems) = preProject
		.nuget\NuGet.Config = .nuget\NuGet.Config
		.nuget\NuGet.exe = .nuget\NuGet.exe
		.nuget\NuGet.pdb = .nuget\NuGet.pdb
		.nuget\NuGet.targets = .nuget\NuGet.targets
	EndProjectSection
EndProject
Global
	GlobalSection(SolutionConfigurationPlatforms) = preSolution
		Debug|Any CPU = Debug|Any CPU
		Release|Any CPU = Release|Any CPU
	EndGlobalSection
	GlobalSection(ProjectConfigurationPlatforms) = postSolution
		{53AAAA78-EEF4-4C14-B7DD-7073A5CF0E58}.Debug|Any CPU.ActiveCfg = Debug|Any CPU
		{53AAAA78-EEF4-4C14-B7DD-7073A5CF0E58}.Debug|Any CPU.Build.0 = Debug|Any CPU
		{53AAAA78-EEF4-4C14-B7DD-7073A5CF0E58}.Release|Any CPU.ActiveCfg = Release|Any CPU
		{53AAAA78-EEF4-4C14-B7DD-7073A5CF0E58}.Release|Any CPU.Build.0 = Release|Any CPU
		{90E055A1-64FF-4D5D-B867-7FA0C6A197D4}.Debug|Any CPU.ActiveCfg = Debug|Any CPU
		{90E055A1-64FF-4D5D-B867-7FA0C6A197D4}.Debug|Any CPU.Build.0 = Debug|Any CPU
		{90E055A1-64FF-4D5D-B867-7FA0C6A197D4}.Release|Any CPU.ActiveCfg = Release|Any CPU
		{90E055A1-64FF-4D5D-B867-7FA0C6A197D4}.Release|Any CPU.Build.0 = Release|Any CPU
		{83597D3C-E56B-468E-AC52-3852ADFB4CAC}.Debug|Any CPU.ActiveCfg = Debug|Any CPU
		{83597D3C-E56B-468E-AC52-3852ADFB4CAC}.Debug|Any CPU.Build.0 = Debug|Any CPU
		{83597D3C-E56B-468E-AC52-3852ADFB4CAC}.Release|Any CPU.ActiveCfg = Release|Any CPU
		{83597D3C-E56B-468E-AC52-3852ADFB4CAC}.Release|Any CPU.Build.0 = Release|Any CPU
		{0C31E587-4227-480F-8E8A-FE0DA002A35A}.Debug|Any CPU.ActiveCfg = Debug|Any CPU
		{0C31E587-4227-480F-8E8A-FE0DA002A35A}.Debug|Any CPU.Build.0 = Debug|Any CPU
		{0C31E587-4227-480F-8E8A-FE0DA002A35A}.Release|Any CPU.ActiveCfg = Release|Any CPU
		{0C31E587-4227-480F-8E8A-FE0DA002A35A}.Release|Any CPU.Build.0 = Release|Any CPU
	EndGlobalSection
	GlobalSection(SolutionProperties) = preSolution
		HideSolutionNode = FALSE
	EndGlobalSection
EndGlobal
